// !$*UTF8*$!
{
	archiveVersion = 1;
	classes = {
	};
	objectVersion = 50;
	objects = {

/* Begin PBXBuildFile section */
		2E1C6ABC2573140E007020C8 /* SneakerViewModel.swift in Sources */ = {isa = PBXBuildFile; fileRef = 2E1C6ABB2573140E007020C8 /* SneakerViewModel.swift */; };
		2E1C6ACD2579F80D007020C8 /* SneakerCategoryListView.swift in Sources */ = {isa = PBXBuildFile; fileRef = 2E1C6ACC2579F80D007020C8 /* SneakerCategoryListView.swift */; };
		2E1C6AD02579F824007020C8 /* SneakerCategoryCellView.swift in Sources */ = {isa = PBXBuildFile; fileRef = 2E1C6ACF2579F824007020C8 /* SneakerCategoryCellView.swift */; };
		2E5BB48026A9F87F0018FAE7 /* SearchBarView.swift in Sources */ = {isa = PBXBuildFile; fileRef = 2E5BB47F26A9F87F0018FAE7 /* SearchBarView.swift */; };
		2E66D8DB256D983E004BDC94 /* SneakerCategory.swift in Sources */ = {isa = PBXBuildFile; fileRef = 2E66D8DA256D983E004BDC94 /* SneakerCategory.swift */; };
		2E8B3FB526B4BF5C00ADD199 /* APIConstants.swift in Sources */ = {isa = PBXBuildFile; fileRef = 2E8B3FB426B4BF5C00ADD199 /* APIConstants.swift */; };
		2E932DF92540AB4F00FD7DB1 /* GoatExampleApp.swift in Sources */ = {isa = PBXBuildFile; fileRef = 2E932DF82540AB4F00FD7DB1 /* GoatExampleApp.swift */; };
		2E932DFB2540AB4F00FD7DB1 /* ContentView.swift in Sources */ = {isa = PBXBuildFile; fileRef = 2E932DFA2540AB4F00FD7DB1 /* ContentView.swift */; };
		2E932DFD2540AB5600FD7DB1 /* Assets.xcassets in Resources */ = {isa = PBXBuildFile; fileRef = 2E932DFC2540AB5600FD7DB1 /* Assets.xcassets */; };
		2E932E002540AB5600FD7DB1 /* Preview Assets.xcassets in Resources */ = {isa = PBXBuildFile; fileRef = 2E932DFF2540AB5600FD7DB1 /* Preview Assets.xcassets */; };
		2E932E112540AC2E00FD7DB1 /* TopLevelJSON.swift in Sources */ = {isa = PBXBuildFile; fileRef = 2E932E102540AC2E00FD7DB1 /* TopLevelJSON.swift */; };
		2E964B7D256C875F00CD16CB /* API.swift in Sources */ = {isa = PBXBuildFile; fileRef = 2E964B7C256C875F00CD16CB /* API.swift */; };
		2E964B8B256C8D3F00CD16CB /* ShoeListViewModel.swift in Sources */ = {isa = PBXBuildFile; fileRef = 2E964B8A256C8D3F00CD16CB /* ShoeListViewModel.swift */; };
		2EA1F5B3256CB07600EABB1D /* SneakerCellView.swift in Sources */ = {isa = PBXBuildFile; fileRef = 2EA1F5B2256CB07600EABB1D /* SneakerCellView.swift */; };
		2EA1F5B8256CC43900EABB1D /* ImageLoader.swift in Sources */ = {isa = PBXBuildFile; fileRef = 2EA1F5B7256CC43900EABB1D /* ImageLoader.swift */; };
		2EA1F5BC256CC46100EABB1D /* URLImage.swift in Sources */ = {isa = PBXBuildFile; fileRef = 2EA1F5BB256CC46100EABB1D /* URLImage.swift */; };
		2EA1F5C4256CF34D00EABB1D /* SneakerProductDetailView.swift in Sources */ = {isa = PBXBuildFile; fileRef = 2EA1F5C3256CF34D00EABB1D /* SneakerProductDetailView.swift */; };
		2EA1F5C7256CF3AC00EABB1D /* SneakerPhotoListView.swift in Sources */ = {isa = PBXBuildFile; fileRef = 2EA1F5C6256CF3AC00EABB1D /* SneakerPhotoListView.swift */; };
		2EA1F5CA256CF47500EABB1D /* SneakerShortDetailView.swift in Sources */ = {isa = PBXBuildFile; fileRef = 2EA1F5C9256CF47500EABB1D /* SneakerShortDetailView.swift */; };
		2EA1F5CD256CF4C300EABB1D /* SneakerAdvancedDetailView.swift in Sources */ = {isa = PBXBuildFile; fileRef = 2EA1F5CC256CF4C300EABB1D /* SneakerAdvancedDetailView.swift */; };
		2EA1F5D2256CF62900EABB1D /* SneakerMainDetailView.swift in Sources */ = {isa = PBXBuildFile; fileRef = 2EA1F5D1256CF62900EABB1D /* SneakerMainDetailView.swift */; };
		2ECB2D0E256F45D80079CD88 /* ShowAllSneakersView.swift in Sources */ = {isa = PBXBuildFile; fileRef = 2ECB2D0D256F45D80079CD88 /* ShowAllSneakersView.swift */; };
		2EE49CEF2611D0D3003189DC /* LoadingSneakersView.swift in Sources */ = {isa = PBXBuildFile; fileRef = 2EE49CEE2611D0D3003189DC /* LoadingSneakersView.swift */; };
/* End PBXBuildFile section */

/* Begin PBXFileReference section */
		2E1C6ABB2573140E007020C8 /* SneakerViewModel.swift */ = {isa = PBXFileReference; lastKnownFileType = sourcecode.swift; path = SneakerViewModel.swift; sourceTree = "<group>"; };
		2E1C6ACC2579F80D007020C8 /* SneakerCategoryListView.swift */ = {isa = PBXFileReference; lastKnownFileType = sourcecode.swift; path = SneakerCategoryListView.swift; sourceTree = "<group>"; };
		2E1C6ACF2579F824007020C8 /* SneakerCategoryCellView.swift */ = {isa = PBXFileReference; lastKnownFileType = sourcecode.swift; path = SneakerCategoryCellView.swift; sourceTree = "<group>"; };
		2E5BB47F26A9F87F0018FAE7 /* SearchBarView.swift */ = {isa = PBXFileReference; lastKnownFileType = sourcecode.swift; path = SearchBarView.swift; sourceTree = "<group>"; };
		2E66D8DA256D983E004BDC94 /* SneakerCategory.swift */ = {isa = PBXFileReference; lastKnownFileType = sourcecode.swift; path = SneakerCategory.swift; sourceTree = "<group>"; };
		2E8B3FB426B4BF5C00ADD199 /* APIConstants.swift */ = {isa = PBXFileReference; lastKnownFileType = sourcecode.swift; path = APIConstants.swift; sourceTree = "<group>"; };
		2E932DF52540AB4E00FD7DB1 /* GoatExample.app */ = {isa = PBXFileReference; explicitFileType = wrapper.application; includeInIndex = 0; path = GoatExample.app; sourceTree = BUILT_PRODUCTS_DIR; };
		2E932DF82540AB4F00FD7DB1 /* GoatExampleApp.swift */ = {isa = PBXFileReference; lastKnownFileType = sourcecode.swift; path = GoatExampleApp.swift; sourceTree = "<group>"; };
		2E932DFA2540AB4F00FD7DB1 /* ContentView.swift */ = {isa = PBXFileReference; lastKnownFileType = sourcecode.swift; path = ContentView.swift; sourceTree = "<group>"; };
		2E932DFC2540AB5600FD7DB1 /* Assets.xcassets */ = {isa = PBXFileReference; lastKnownFileType = folder.assetcatalog; path = Assets.xcassets; sourceTree = "<group>"; };
		2E932DFF2540AB5600FD7DB1 /* Preview Assets.xcassets */ = {isa = PBXFileReference; lastKnownFileType = folder.assetcatalog; path = "Preview Assets.xcassets"; sourceTree = "<group>"; };
		2E932E012540AB5600FD7DB1 /* Info.plist */ = {isa = PBXFileReference; lastKnownFileType = text.plist.xml; path = Info.plist; sourceTree = "<group>"; };
		2E932E102540AC2E00FD7DB1 /* TopLevelJSON.swift */ = {isa = PBXFileReference; lastKnownFileType = sourcecode.swift; path = TopLevelJSON.swift; sourceTree = "<group>"; };
		2E964B7C256C875F00CD16CB /* API.swift */ = {isa = PBXFileReference; lastKnownFileType = sourcecode.swift; path = API.swift; sourceTree = "<group>"; };
		2E964B8A256C8D3F00CD16CB /* ShoeListViewModel.swift */ = {isa = PBXFileReference; lastKnownFileType = sourcecode.swift; path = ShoeListViewModel.swift; sourceTree = "<group>"; };
		2EA1F5B2256CB07600EABB1D /* SneakerCellView.swift */ = {isa = PBXFileReference; lastKnownFileType = sourcecode.swift; path = SneakerCellView.swift; sourceTree = "<group>"; };
		2EA1F5B7256CC43900EABB1D /* ImageLoader.swift */ = {isa = PBXFileReference; lastKnownFileType = sourcecode.swift; path = ImageLoader.swift; sourceTree = "<group>"; };
		2EA1F5BB256CC46100EABB1D /* URLImage.swift */ = {isa = PBXFileReference; lastKnownFileType = sourcecode.swift; path = URLImage.swift; sourceTree = "<group>"; };
		2EA1F5C3256CF34D00EABB1D /* SneakerProductDetailView.swift */ = {isa = PBXFileReference; lastKnownFileType = sourcecode.swift; path = SneakerProductDetailView.swift; sourceTree = "<group>"; };
		2EA1F5C6256CF3AC00EABB1D /* SneakerPhotoListView.swift */ = {isa = PBXFileReference; lastKnownFileType = sourcecode.swift; path = SneakerPhotoListView.swift; sourceTree = "<group>"; };
		2EA1F5C9256CF47500EABB1D /* SneakerShortDetailView.swift */ = {isa = PBXFileReference; lastKnownFileType = sourcecode.swift; path = SneakerShortDetailView.swift; sourceTree = "<group>"; };
		2EA1F5CC256CF4C300EABB1D /* SneakerAdvancedDetailView.swift */ = {isa = PBXFileReference; lastKnownFileType = sourcecode.swift; path = SneakerAdvancedDetailView.swift; sourceTree = "<group>"; };
		2EA1F5D1256CF62900EABB1D /* SneakerMainDetailView.swift */ = {isa = PBXFileReference; lastKnownFileType = sourcecode.swift; path = SneakerMainDetailView.swift; sourceTree = "<group>"; };
		2ECB2D0D256F45D80079CD88 /* ShowAllSneakersView.swift */ = {isa = PBXFileReference; lastKnownFileType = sourcecode.swift; path = ShowAllSneakersView.swift; sourceTree = "<group>"; };
		2EE49CEE2611D0D3003189DC /* LoadingSneakersView.swift */ = {isa = PBXFileReference; lastKnownFileType = sourcecode.swift; path = LoadingSneakersView.swift; sourceTree = "<group>"; };
/* End PBXFileReference section */

/* Begin PBXFrameworksBuildPhase section */
		2E932DF22540AB4E00FD7DB1 /* Frameworks */ = {
			isa = PBXFrameworksBuildPhase;
			buildActionMask = 2147483647;
			files = (
			);
			runOnlyForDeploymentPostprocessing = 0;
		};
/* End PBXFrameworksBuildPhase section */

/* Begin PBXGroup section */
		2E8B3FB226B4BDCF00ADD199 /* HelperViews */ = {
			isa = PBXGroup;
			children = (
				2E5BB47F26A9F87F0018FAE7 /* SearchBarView.swift */,
				2EA1F5BB256CC46100EABB1D /* URLImage.swift */,
			);
			path = HelperViews;
			sourceTree = "<group>";
		};
		2E8B3FB326B4BF4100ADD199 /* APIConstants */ = {
			isa = PBXGroup;
			children = (
				2E8B3FB426B4BF5C00ADD199 /* APIConstants.swift */,
			);
			name = APIConstants;
			sourceTree = "<group>";
		};
		2E932DEC2540AB4E00FD7DB1 = {
			isa = PBXGroup;
			children = (
				2E932DF72540AB4E00FD7DB1 /* GoatExample */,
				2E932DF62540AB4E00FD7DB1 /* Products */,
			);
			sourceTree = "<group>";
		};
		2E932DF62540AB4E00FD7DB1 /* Products */ = {
			isa = PBXGroup;
			children = (
				2E932DF52540AB4E00FD7DB1 /* GoatExample.app */,
			);
			name = Products;
			sourceTree = "<group>";
		};
		2E932DF72540AB4E00FD7DB1 /* GoatExample */ = {
			isa = PBXGroup;
			children = (
				2E8B3FB326B4BF4100ADD199 /* APIConstants */,
				2EA1F5BA256CC43D00EABB1D /* ImageLoaderService */,
				2E964B7B256C874D00CD16CB /* Services */,
				2E932E132540AD4D00FD7DB1 /* ViewModels */,
				2E932E0F2540AC2400FD7DB1 /* Models */,
				2E8B3FB226B4BDCF00ADD199 /* HelperViews */,
				2E932E092540AB7B00FD7DB1 /* SneakerViews */,
				2E932E082540AB6A00FD7DB1 /* Resources */,
				2E932DFE2540AB5600FD7DB1 /* Preview Content */,
			);
			path = GoatExample;
			sourceTree = "<group>";
		};
		2E932DFE2540AB5600FD7DB1 /* Preview Content */ = {
			isa = PBXGroup;
			children = (
				2E932DFF2540AB5600FD7DB1 /* Preview Assets.xcassets */,
			);
			path = "Preview Content";
			sourceTree = "<group>";
		};
		2E932E082540AB6A00FD7DB1 /* Resources */ = {
			isa = PBXGroup;
			children = (
				2E932DF82540AB4F00FD7DB1 /* GoatExampleApp.swift */,
				2E932DFC2540AB5600FD7DB1 /* Assets.xcassets */,
				2E932E012540AB5600FD7DB1 /* Info.plist */,
			);
			path = Resources;
			sourceTree = "<group>";
		};
		2E932E092540AB7B00FD7DB1 /* SneakerViews */ = {
			isa = PBXGroup;
			children = (
				2E932DFA2540AB4F00FD7DB1 /* ContentView.swift */,
				2E1C6ACC2579F80D007020C8 /* SneakerCategoryListView.swift */,
				2E1C6ACF2579F824007020C8 /* SneakerCategoryCellView.swift */,
				2EA1F5B2256CB07600EABB1D /* SneakerCellView.swift */,
				2EA1F5D1256CF62900EABB1D /* SneakerMainDetailView.swift */,
				2EA1F5C3256CF34D00EABB1D /* SneakerProductDetailView.swift */,
				2EA1F5C6256CF3AC00EABB1D /* SneakerPhotoListView.swift */,
				2EA1F5C9256CF47500EABB1D /* SneakerShortDetailView.swift */,
				2EA1F5CC256CF4C300EABB1D /* SneakerAdvancedDetailView.swift */,
				2ECB2D0D256F45D80079CD88 /* ShowAllSneakersView.swift */,
				2EE49CEE2611D0D3003189DC /* LoadingSneakersView.swift */,
			);
			path = SneakerViews;
			sourceTree = "<group>";
		};
		2E932E0F2540AC2400FD7DB1 /* Models */ = {
			isa = PBXGroup;
			children = (
				2E932E102540AC2E00FD7DB1 /* TopLevelJSON.swift */,
				2E66D8DA256D983E004BDC94 /* SneakerCategory.swift */,
			);
			path = Models;
			sourceTree = "<group>";
		};
		2E932E132540AD4D00FD7DB1 /* ViewModels */ = {
			isa = PBXGroup;
			children = (
				2E964B8A256C8D3F00CD16CB /* ShoeListViewModel.swift */,
				2E1C6ABB2573140E007020C8 /* SneakerViewModel.swift */,
			);
			path = ViewModels;
			sourceTree = "<group>";
		};
		2E964B7B256C874D00CD16CB /* Services */ = {
			isa = PBXGroup;
			children = (
				2E964B7C256C875F00CD16CB /* API.swift */,
			);
			path = Services;
			sourceTree = "<group>";
		};
		2EA1F5BA256CC43D00EABB1D /* ImageLoaderService */ = {
			isa = PBXGroup;
			children = (
				2EA1F5B7256CC43900EABB1D /* ImageLoader.swift */,
			);
			path = ImageLoaderService;
			sourceTree = "<group>";
		};
/* End PBXGroup section */

/* Begin PBXNativeTarget section */
		2E932DF42540AB4E00FD7DB1 /* GoatExample */ = {
			isa = PBXNativeTarget;
			buildConfigurationList = 2E932E042540AB5600FD7DB1 /* Build configuration list for PBXNativeTarget "GoatExample" */;
			buildPhases = (
				2E932DF12540AB4E00FD7DB1 /* Sources */,
				2E932DF22540AB4E00FD7DB1 /* Frameworks */,
				2E932DF32540AB4E00FD7DB1 /* Resources */,
			);
			buildRules = (
			);
			dependencies = (
			);
			name = GoatExample;
			productName = GoatExample;
			productReference = 2E932DF52540AB4E00FD7DB1 /* GoatExample.app */;
			productType = "com.apple.product-type.application";
		};
/* End PBXNativeTarget section */

/* Begin PBXProject section */
		2E932DED2540AB4E00FD7DB1 /* Project object */ = {
			isa = PBXProject;
			attributes = {
				LastSwiftUpdateCheck = 1220;
				LastUpgradeCheck = 1220;
				TargetAttributes = {
					2E932DF42540AB4E00FD7DB1 = {
						CreatedOnToolsVersion = 12.2;
					};
				};
			};
			buildConfigurationList = 2E932DF02540AB4E00FD7DB1 /* Build configuration list for PBXProject "GoatExample" */;
			compatibilityVersion = "Xcode 9.3";
			developmentRegion = en;
			hasScannedForEncodings = 0;
			knownRegions = (
				en,
				Base,
			);
			mainGroup = 2E932DEC2540AB4E00FD7DB1;
			productRefGroup = 2E932DF62540AB4E00FD7DB1 /* Products */;
			projectDirPath = "";
			projectRoot = "";
			targets = (
				2E932DF42540AB4E00FD7DB1 /* GoatExample */,
			);
		};
/* End PBXProject section */

/* Begin PBXResourcesBuildPhase section */
		2E932DF32540AB4E00FD7DB1 /* Resources */ = {
			isa = PBXResourcesBuildPhase;
			buildActionMask = 2147483647;
			files = (
				2E932E002540AB5600FD7DB1 /* Preview Assets.xcassets in Resources */,
				2E932DFD2540AB5600FD7DB1 /* Assets.xcassets in Resources */,
			);
			runOnlyForDeploymentPostprocessing = 0;
		};
/* End PBXResourcesBuildPhase section */

/* Begin PBXSourcesBuildPhase section */
		2E932DF12540AB4E00FD7DB1 /* Sources */ = {
			isa = PBXSourcesBuildPhase;
			buildActionMask = 2147483647;
			files = (
				2E5BB48026A9F87F0018FAE7 /* SearchBarView.swift in Sources */,
				2EA1F5CD256CF4C300EABB1D /* SneakerAdvancedDetailView.swift in Sources */,
				2E932E112540AC2E00FD7DB1 /* TopLevelJSON.swift in Sources */,
				2EA1F5C7256CF3AC00EABB1D /* SneakerPhotoListView.swift in Sources */,
				2EA1F5D2256CF62900EABB1D /* SneakerMainDetailView.swift in Sources */,
				2E1C6ABC2573140E007020C8 /* SneakerViewModel.swift in Sources */,
				2EA1F5B3256CB07600EABB1D /* SneakerCellView.swift in Sources */,
				2ECB2D0E256F45D80079CD88 /* ShowAllSneakersView.swift in Sources */,
				2E8B3FB526B4BF5C00ADD199 /* APIConstants.swift in Sources */,
				2EA1F5B8256CC43900EABB1D /* ImageLoader.swift in Sources */,
				2EE49CEF2611D0D3003189DC /* LoadingSneakersView.swift in Sources */,
				2E964B8B256C8D3F00CD16CB /* ShoeListViewModel.swift in Sources */,
				2E932DFB2540AB4F00FD7DB1 /* ContentView.swift in Sources */,
				2EA1F5C4256CF34D00EABB1D /* SneakerProductDetailView.swift in Sources */,
				2E964B7D256C875F00CD16CB /* API.swift in Sources */,
				2E1C6ACD2579F80D007020C8 /* SneakerCategoryListView.swift in Sources */,
				2E932DF92540AB4F00FD7DB1 /* GoatExampleApp.swift in Sources */,
				2E66D8DB256D983E004BDC94 /* SneakerCategory.swift in Sources */,
				2EA1F5BC256CC46100EABB1D /* URLImage.swift in Sources */,
				2E1C6AD02579F824007020C8 /* SneakerCategoryCellView.swift in Sources */,
				2EA1F5CA256CF47500EABB1D /* SneakerShortDetailView.swift in Sources */,
			);
			runOnlyForDeploymentPostprocessing = 0;
		};
/* End PBXSourcesBuildPhase section */

/* Begin XCBuildConfiguration section */
		2E932E022540AB5600FD7DB1 /* Debug */ = {
			isa = XCBuildConfiguration;
			buildSettings = {
				ALWAYS_SEARCH_USER_PATHS = NO;
				CLANG_ANALYZER_NONNULL = YES;
				CLANG_ANALYZER_NUMBER_OBJECT_CONVERSION = YES_AGGRESSIVE;
				CLANG_CXX_LANGUAGE_STANDARD = "gnu++14";
				CLANG_CXX_LIBRARY = "libc++";
				CLANG_ENABLE_MODULES = YES;
				CLANG_ENABLE_OBJC_ARC = YES;
				CLANG_ENABLE_OBJC_WEAK = YES;
				CLANG_WARN_BLOCK_CAPTURE_AUTORELEASING = YES;
				CLANG_WARN_BOOL_CONVERSION = YES;
				CLANG_WARN_COMMA = YES;
				CLANG_WARN_CONSTANT_CONVERSION = YES;
				CLANG_WARN_DEPRECATED_OBJC_IMPLEMENTATIONS = YES;
				CLANG_WARN_DIRECT_OBJC_ISA_USAGE = YES_ERROR;
				CLANG_WARN_DOCUMENTATION_COMMENTS = YES;
				CLANG_WARN_EMPTY_BODY = YES;
				CLANG_WARN_ENUM_CONVERSION = YES;
				CLANG_WARN_INFINITE_RECURSION = YES;
				CLANG_WARN_INT_CONVERSION = YES;
				CLANG_WARN_NON_LITERAL_NULL_CONVERSION = YES;
				CLANG_WARN_OBJC_IMPLICIT_RETAIN_SELF = YES;
				CLANG_WARN_OBJC_LITERAL_CONVERSION = YES;
				CLANG_WARN_OBJC_ROOT_CLASS = YES_ERROR;
				CLANG_WARN_QUOTED_INCLUDE_IN_FRAMEWORK_HEADER = YES;
				CLANG_WARN_RANGE_LOOP_ANALYSIS = YES;
				CLANG_WARN_STRICT_PROTOTYPES = YES;
				CLANG_WARN_SUSPICIOUS_MOVE = YES;
				CLANG_WARN_UNGUARDED_AVAILABILITY = YES_AGGRESSIVE;
				CLANG_WARN_UNREACHABLE_CODE = YES;
				CLANG_WARN__DUPLICATE_METHOD_MATCH = YES;
				COPY_PHASE_STRIP = NO;
				DEBUG_INFORMATION_FORMAT = dwarf;
				ENABLE_STRICT_OBJC_MSGSEND = YES;
				ENABLE_TESTABILITY = YES;
				GCC_C_LANGUAGE_STANDARD = gnu11;
				GCC_DYNAMIC_NO_PIC = NO;
				GCC_NO_COMMON_BLOCKS = YES;
				GCC_OPTIMIZATION_LEVEL = 0;
				GCC_PREPROCESSOR_DEFINITIONS = (
					"DEBUG=1",
					"$(inherited)",
				);
				GCC_WARN_64_TO_32_BIT_CONVERSION = YES;
				GCC_WARN_ABOUT_RETURN_TYPE = YES_ERROR;
				GCC_WARN_UNDECLARED_SELECTOR = YES;
				GCC_WARN_UNINITIALIZED_AUTOS = YES_AGGRESSIVE;
				GCC_WARN_UNUSED_FUNCTION = YES;
				GCC_WARN_UNUSED_VARIABLE = YES;
				IPHONEOS_DEPLOYMENT_TARGET = 14.2;
				MTL_ENABLE_DEBUG_INFO = INCLUDE_SOURCE;
				MTL_FAST_MATH = YES;
				ONLY_ACTIVE_ARCH = YES;
				SDKROOT = iphoneos;
				SWIFT_ACTIVE_COMPILATION_CONDITIONS = DEBUG;
				SWIFT_OPTIMIZATION_LEVEL = "-Onone";
			};
			name = Debug;
		};
		2E932E032540AB5600FD7DB1 /* Release */ = {
			isa = XCBuildConfiguration;
			buildSettings = {
				ALWAYS_SEARCH_USER_PATHS = NO;
				CLANG_ANALYZER_NONNULL = YES;
				CLANG_ANALYZER_NUMBER_OBJECT_CONVERSION = YES_AGGRESSIVE;
				CLANG_CXX_LANGUAGE_STANDARD = "gnu++14";
				CLANG_CXX_LIBRARY = "libc++";
				CLANG_ENABLE_MODULES = YES;
				CLANG_ENABLE_OBJC_ARC = YES;
				CLANG_ENABLE_OBJC_WEAK = YES;
				CLANG_WARN_BLOCK_CAPTURE_AUTORELEASING = YES;
				CLANG_WARN_BOOL_CONVERSION = YES;
				CLANG_WARN_COMMA = YES;
				CLANG_WARN_CONSTANT_CONVERSION = YES;
				CLANG_WARN_DEPRECATED_OBJC_IMPLEMENTATIONS = YES;
				CLANG_WARN_DIRECT_OBJC_ISA_USAGE = YES_ERROR;
				CLANG_WARN_DOCUMENTATION_COMMENTS = YES;
				CLANG_WARN_EMPTY_BODY = YES;
				CLANG_WARN_ENUM_CONVERSION = YES;
				CLANG_WARN_INFINITE_RECURSION = YES;
				CLANG_WARN_INT_CONVERSION = YES;
				CLANG_WARN_NON_LITERAL_NULL_CONVERSION = YES;
				CLANG_WARN_OBJC_IMPLICIT_RETAIN_SELF = YES;
				CLANG_WARN_OBJC_LITERAL_CONVERSION = YES;
				CLANG_WARN_OBJC_ROOT_CLASS = YES_ERROR;
				CLANG_WARN_QUOTED_INCLUDE_IN_FRAMEWORK_HEADER = YES;
				CLANG_WARN_RANGE_LOOP_ANALYSIS = YES;
				CLANG_WARN_STRICT_PROTOTYPES = YES;
				CLANG_WARN_SUSPICIOUS_MOVE = YES;
				CLANG_WARN_UNGUARDED_AVAILABILITY = YES_AGGRESSIVE;
				CLANG_WARN_UNREACHABLE_CODE = YES;
				CLANG_WARN__DUPLICATE_METHOD_MATCH = YES;
				COPY_PHASE_STRIP = NO;
				DEBUG_INFORMATION_FORMAT = "dwarf-with-dsym";
				ENABLE_NS_ASSERTIONS = NO;
				ENABLE_STRICT_OBJC_MSGSEND = YES;
				GCC_C_LANGUAGE_STANDARD = gnu11;
				GCC_NO_COMMON_BLOCKS = YES;
				GCC_WARN_64_TO_32_BIT_CONVERSION = YES;
				GCC_WARN_ABOUT_RETURN_TYPE = YES_ERROR;
				GCC_WARN_UNDECLARED_SELECTOR = YES;
				GCC_WARN_UNINITIALIZED_AUTOS = YES_AGGRESSIVE;
				GCC_WARN_UNUSED_FUNCTION = YES;
				GCC_WARN_UNUSED_VARIABLE = YES;
				IPHONEOS_DEPLOYMENT_TARGET = 14.2;
				MTL_ENABLE_DEBUG_INFO = NO;
				MTL_FAST_MATH = YES;
				SDKROOT = iphoneos;
				SWIFT_COMPILATION_MODE = wholemodule;
				SWIFT_OPTIMIZATION_LEVEL = "-O";
				VALIDATE_PRODUCT = YES;
			};
			name = Release;
		};
		2E932E052540AB5600FD7DB1 /* Debug */ = {
			isa = XCBuildConfiguration;
			buildSettings = {
				ASSETCATALOG_COMPILER_APPICON_NAME = AppIcon;
				ASSETCATALOG_COMPILER_GLOBAL_ACCENT_COLOR_NAME = AccentColor;
				CODE_SIGN_STYLE = Automatic;
				DEVELOPMENT_ASSET_PATHS = "\"GoatExample/Preview Content\"";
				DEVELOPMENT_TEAM = 9DGMQB3935;
				ENABLE_PREVIEWS = YES;
				INFOPLIST_FILE = GoatExample/Resources/Info.plist;
				IPHONEOS_DEPLOYMENT_TARGET = 14.0;
				LD_RUNPATH_SEARCH_PATHS = (
					"$(inherited)",
					"@executable_path/Frameworks",
				);
				PRODUCT_BUNDLE_IDENTIFIER = com.deniztutuncu.GoatExample;
				PRODUCT_NAME = "$(TARGET_NAME)";
				SWIFT_VERSION = 5.0;
				TARGETED_DEVICE_FAMILY = 1;
			};
			name = Debug;
		};
		2E932E062540AB5600FD7DB1 /* Release */ = {
			isa = XCBuildConfiguration;
			buildSettings = {
				ASSETCATALOG_COMPILER_APPICON_NAME = AppIcon;
				ASSETCATALOG_COMPILER_GLOBAL_ACCENT_COLOR_NAME = AccentColor;
				CODE_SIGN_STYLE = Automatic;
				DEVELOPMENT_ASSET_PATHS = "\"GoatExample/Preview Content\"";
				DEVELOPMENT_TEAM = 9DGMQB3935;
				ENABLE_PREVIEWS = YES;
				INFOPLIST_FILE = GoatExample/Resources/Info.plist;
				IPHONEOS_DEPLOYMENT_TARGET = 14.0;
				LD_RUNPATH_SEARCH_PATHS = (
					"$(inherited)",
					"@executable_path/Frameworks",
				);
				PRODUCT_BUNDLE_IDENTIFIER = com.deniztutuncu.GoatExample;
				PRODUCT_NAME = "$(TARGET_NAME)";
				SWIFT_VERSION = 5.0;
				TARGETED_DEVICE_FAMILY = 1;
			};
			name = Release;
		};
/* End XCBuildConfiguration section */

/* Begin XCConfigurationList section */
		2E932DF02540AB4E00FD7DB1 /* Build configuration list for PBXProject "GoatExample" */ = {
			isa = XCConfigurationList;
			buildConfigurations = (
				2E932E022540AB5600FD7DB1 /* Debug */,
				2E932E032540AB5600FD7DB1 /* Release */,
			);
			defaultConfigurationIsVisible = 0;
			defaultConfigurationName = Release;
		};
		2E932E042540AB5600FD7DB1 /* Build configuration list for PBXNativeTarget "GoatExample" */ = {
			isa = XCConfigurationList;
			buildConfigurations = (
				2E932E052540AB5600FD7DB1 /* Debug */,
				2E932E062540AB5600FD7DB1 /* Release */,
			);
			defaultConfigurationIsVisible = 0;
			defaultConfigurationName = Release;
		};
/* End XCConfigurationList section */
	};
	rootObject = 2E932DED2540AB4E00FD7DB1 /* Project object */;
}
